// !$*UTF8*$!
{
	archiveVersion = 1;
	classes = {
	};
	objectVersion = 46;
	objects = {

/* Begin PBXBuildFile section */
		322F087A1617F08300F06ADA /* MessageUI.framework in Frameworks */ = {isa = PBXBuildFile; fileRef = 322F08791617F08300F06ADA /* MessageUI.framework */; };
		329E1D791A689B8200E9AB37 /* BSDrawView.m in Sources */ = {isa = PBXBuildFile; fileRef = 329E1D781A689B8200E9AB37 /* BSDrawView.m */; };
		32ADE71A16103E9A00F97F76 /* UIKit.framework in Frameworks */ = {isa = PBXBuildFile; fileRef = 32ADE71916103E9A00F97F76 /* UIKit.framework */; };
		32ADE71C16103E9A00F97F76 /* Foundation.framework in Frameworks */ = {isa = PBXBuildFile; fileRef = 32ADE71B16103E9A00F97F76 /* Foundation.framework */; };
		32ADE71E16103E9A00F97F76 /* CoreGraphics.framework in Frameworks */ = {isa = PBXBuildFile; fileRef = 32ADE71D16103E9A00F97F76 /* CoreGraphics.framework */; };
		32ADE72416103E9A00F97F76 /* InfoPlist.strings in Resources */ = {isa = PBXBuildFile; fileRef = 32ADE72216103E9A00F97F76 /* InfoPlist.strings */; };
		32ADE72616103E9A00F97F76 /* main.m in Sources */ = {isa = PBXBuildFile; fileRef = 32ADE72516103E9A00F97F76 /* main.m */; };
		32ADE72A16103E9A00F97F76 /* AppDelegate.m in Sources */ = {isa = PBXBuildFile; fileRef = 32ADE72916103E9A00F97F76 /* AppDelegate.m */; };
		32ADE72C16103E9A00F97F76 /* Default.png in Resources */ = {isa = PBXBuildFile; fileRef = 32ADE72B16103E9A00F97F76 /* Default.png */; };
		32ADE72E16103E9A00F97F76 /* Default@2x.png in Resources */ = {isa = PBXBuildFile; fileRef = 32ADE72D16103E9A00F97F76 /* Default@2x.png */; };
		32ADE73016103E9A00F97F76 /* Default-568h@2x.png in Resources */ = {isa = PBXBuildFile; fileRef = 32ADE72F16103E9A00F97F76 /* Default-568h@2x.png */; };
		32ADE73316103E9A00F97F76 /* MainStoryboard.storyboard in Resources */ = {isa = PBXBuildFile; fileRef = 32ADE73116103E9A00F97F76 /* MainStoryboard.storyboard */; };
		32ADE73616103E9A00F97F76 /* ViewController.m in Sources */ = {isa = PBXBuildFile; fileRef = 32ADE73516103E9A00F97F76 /* ViewController.m */; };
		32ADE7511610CBF200F97F76 /* QuartzCore.framework in Frameworks */ = {isa = PBXBuildFile; fileRef = 32ADE7501610CBF200F97F76 /* QuartzCore.framework */; };
		32E415401929663E0025568B /* Images.xcassets in Resources */ = {isa = PBXBuildFile; fileRef = 32E4153F1929663E0025568B /* Images.xcassets */; };
		FE607C7A07483C7C95501C0D /* libPods-SXN Maker.a in Frameworks */ = {isa = PBXBuildFile; fileRef = FC86FD8BBEBDD0880377E669 /* libPods-SXN Maker.a */; };
/* End PBXBuildFile section */

/* Begin PBXFileReference section */
		146AB03B522A5F2814DEC989 /* Pods-SXN Maker.debug.xcconfig */ = {isa = PBXFileReference; includeInIndex = 1; lastKnownFileType = text.xcconfig; name = "Pods-SXN Maker.debug.xcconfig"; path = "Pods/Target Support Files/Pods-SXN Maker/Pods-SXN Maker.debug.xcconfig"; sourceTree = "<group>"; };
		1AABFAA8AC83C6F9712A53FC /* Pods-SXN Maker.release.xcconfig */ = {isa = PBXFileReference; includeInIndex = 1; lastKnownFileType = text.xcconfig; name = "Pods-SXN Maker.release.xcconfig"; path = "Pods/Target Support Files/Pods-SXN Maker/Pods-SXN Maker.release.xcconfig"; sourceTree = "<group>"; };
		322F08791617F08300F06ADA /* MessageUI.framework */ = {isa = PBXFileReference; lastKnownFileType = wrapper.framework; name = MessageUI.framework; path = System/Library/Frameworks/MessageUI.framework; sourceTree = SDKROOT; };
		329E1D771A689B8200E9AB37 /* BSDrawView.h */ = {isa = PBXFileReference; fileEncoding = 4; lastKnownFileType = sourcecode.c.h; path = BSDrawView.h; sourceTree = "<group>"; };
		329E1D781A689B8200E9AB37 /* BSDrawView.m */ = {isa = PBXFileReference; fileEncoding = 4; lastKnownFileType = sourcecode.c.objc; path = BSDrawView.m; sourceTree = "<group>"; };
		32ADE71516103E9A00F97F76 /* SXN Maker.app */ = {isa = PBXFileReference; explicitFileType = wrapper.application; includeInIndex = 0; path = "SXN Maker.app"; sourceTree = BUILT_PRODUCTS_DIR; };
		32ADE71916103E9A00F97F76 /* UIKit.framework */ = {isa = PBXFileReference; lastKnownFileType = wrapper.framework; name = UIKit.framework; path = System/Library/Frameworks/UIKit.framework; sourceTree = SDKROOT; };
		32ADE71B16103E9A00F97F76 /* Foundation.framework */ = {isa = PBXFileReference; lastKnownFileType = wrapper.framework; name = Foundation.framework; path = System/Library/Frameworks/Foundation.framework; sourceTree = SDKROOT; };
		32ADE71D16103E9A00F97F76 /* CoreGraphics.framework */ = {isa = PBXFileReference; lastKnownFileType = wrapper.framework; name = CoreGraphics.framework; path = System/Library/Frameworks/CoreGraphics.framework; sourceTree = SDKROOT; };
		32ADE72116103E9A00F97F76 /* SXN Maker-Info.plist */ = {isa = PBXFileReference; lastKnownFileType = text.plist.xml; path = "SXN Maker-Info.plist"; sourceTree = "<group>"; };
		32ADE72316103E9A00F97F76 /* en */ = {isa = PBXFileReference; lastKnownFileType = text.plist.strings; name = en; path = en.lproj/InfoPlist.strings; sourceTree = "<group>"; };
		32ADE72516103E9A00F97F76 /* main.m */ = {isa = PBXFileReference; lastKnownFileType = sourcecode.c.objc; path = main.m; sourceTree = "<group>"; };
		32ADE72716103E9A00F97F76 /* SXN Maker-Prefix.pch */ = {isa = PBXFileReference; lastKnownFileType = sourcecode.c.h; path = "SXN Maker-Prefix.pch"; sourceTree = "<group>"; };
		32ADE72816103E9A00F97F76 /* AppDelegate.h */ = {isa = PBXFileReference; lastKnownFileType = sourcecode.c.h; path = AppDelegate.h; sourceTree = "<group>"; };
		32ADE72916103E9A00F97F76 /* AppDelegate.m */ = {isa = PBXFileReference; lastKnownFileType = sourcecode.c.objc; path = AppDelegate.m; sourceTree = "<group>"; };
		32ADE72B16103E9A00F97F76 /* Default.png */ = {isa = PBXFileReference; lastKnownFileType = image.png; path = Default.png; sourceTree = "<group>"; };
		32ADE72D16103E9A00F97F76 /* Default@2x.png */ = {isa = PBXFileReference; lastKnownFileType = image.png; path = "Default@2x.png"; sourceTree = "<group>"; };
		32ADE72F16103E9A00F97F76 /* Default-568h@2x.png */ = {isa = PBXFileReference; lastKnownFileType = image.png; path = "Default-568h@2x.png"; sourceTree = "<group>"; };
		32ADE73216103E9A00F97F76 /* en */ = {isa = PBXFileReference; lastKnownFileType = file.storyboard; name = en; path = en.lproj/MainStoryboard.storyboard; sourceTree = "<group>"; };
		32ADE73416103E9A00F97F76 /* ViewController.h */ = {isa = PBXFileReference; lastKnownFileType = sourcecode.c.h; path = ViewController.h; sourceTree = "<group>"; };
		32ADE73516103E9A00F97F76 /* ViewController.m */ = {isa = PBXFileReference; lastKnownFileType = sourcecode.c.objc; path = ViewController.m; sourceTree = "<group>"; };
		32ADE7501610CBF200F97F76 /* QuartzCore.framework */ = {isa = PBXFileReference; lastKnownFileType = wrapper.framework; name = QuartzCore.framework; path = System/Library/Frameworks/QuartzCore.framework; sourceTree = SDKROOT; };
		32E4153F1929663E0025568B /* Images.xcassets */ = {isa = PBXFileReference; lastKnownFileType = folder.assetcatalog; name = Images.xcassets; path = "SXN Maker/Images.xcassets"; sourceTree = SOURCE_ROOT; };
		FC86FD8BBEBDD0880377E669 /* libPods-SXN Maker.a */ = {isa = PBXFileReference; explicitFileType = archive.ar; includeInIndex = 0; path = "libPods-SXN Maker.a"; sourceTree = BUILT_PRODUCTS_DIR; };
/* End PBXFileReference section */

/* Begin PBXFrameworksBuildPhase section */
		32ADE71216103E9A00F97F76 /* Frameworks */ = {
			isa = PBXFrameworksBuildPhase;
			buildActionMask = 2147483647;
			files = (
				322F087A1617F08300F06ADA /* MessageUI.framework in Frameworks */,
				32ADE7511610CBF200F97F76 /* QuartzCore.framework in Frameworks */,
				32ADE71A16103E9A00F97F76 /* UIKit.framework in Frameworks */,
				32ADE71C16103E9A00F97F76 /* Foundation.framework in Frameworks */,
				32ADE71E16103E9A00F97F76 /* CoreGraphics.framework in Frameworks */,
				FE607C7A07483C7C95501C0D /* libPods-SXN Maker.a in Frameworks */,
			);
			runOnlyForDeploymentPostprocessing = 0;
		};
/* End PBXFrameworksBuildPhase section */

/* Begin PBXGroup section */
		32ADE70A16103E9A00F97F76 = {
			isa = PBXGroup;
			children = (
				32ADE71F16103E9A00F97F76 /* SXN Maker */,
				32ADE71816103E9A00F97F76 /* Frameworks */,
				32ADE71616103E9A00F97F76 /* Products */,
				7D4931D5718B12BE4FFFB35E /* Pods */,
			);
			sourceTree = "<group>";
		};
		32ADE71616103E9A00F97F76 /* Products */ = {
			isa = PBXGroup;
			children = (
				32ADE71516103E9A00F97F76 /* SXN Maker.app */,
			);
			name = Products;
			sourceTree = "<group>";
		};
		32ADE71816103E9A00F97F76 /* Frameworks */ = {
			isa = PBXGroup;
			children = (
				322F08791617F08300F06ADA /* MessageUI.framework */,
				32ADE7501610CBF200F97F76 /* QuartzCore.framework */,
				32ADE71916103E9A00F97F76 /* UIKit.framework */,
				32ADE71B16103E9A00F97F76 /* Foundation.framework */,
				32ADE71D16103E9A00F97F76 /* CoreGraphics.framework */,
				FC86FD8BBEBDD0880377E669 /* libPods-SXN Maker.a */,
			);
			name = Frameworks;
			sourceTree = "<group>";
		};
		32ADE71F16103E9A00F97F76 /* SXN Maker */ = {
			isa = PBXGroup;
			children = (
				32ADE73116103E9A00F97F76 /* MainStoryboard.storyboard */,
				32ADE72816103E9A00F97F76 /* AppDelegate.h */,
				32ADE72916103E9A00F97F76 /* AppDelegate.m */,
				32ADE73416103E9A00F97F76 /* ViewController.h */,
				32ADE73516103E9A00F97F76 /* ViewController.m */,
				329E1D771A689B8200E9AB37 /* BSDrawView.h */,
				329E1D781A689B8200E9AB37 /* BSDrawView.m */,
				32E4153F1929663E0025568B /* Images.xcassets */,
				32ADE72016103E9A00F97F76 /* Supporting Files */,
			);
			name = "SXN Maker";
			path = BezierPathTest1;
			sourceTree = "<group>";
		};
		32ADE72016103E9A00F97F76 /* Supporting Files */ = {
			isa = PBXGroup;
			children = (
				32ADE72116103E9A00F97F76 /* SXN Maker-Info.plist */,
				32ADE72216103E9A00F97F76 /* InfoPlist.strings */,
				32ADE72516103E9A00F97F76 /* main.m */,
				32ADE72716103E9A00F97F76 /* SXN Maker-Prefix.pch */,
				32ADE72B16103E9A00F97F76 /* Default.png */,
				32ADE72D16103E9A00F97F76 /* Default@2x.png */,
				32ADE72F16103E9A00F97F76 /* Default-568h@2x.png */,
			);
			name = "Supporting Files";
			sourceTree = "<group>";
		};
		7D4931D5718B12BE4FFFB35E /* Pods */ = {
			isa = PBXGroup;
			children = (
				146AB03B522A5F2814DEC989 /* Pods-SXN Maker.debug.xcconfig */,
				1AABFAA8AC83C6F9712A53FC /* Pods-SXN Maker.release.xcconfig */,
			);
			name = Pods;
			sourceTree = "<group>";
		};
/* End PBXGroup section */

/* Begin PBXNativeTarget section */
		32ADE71416103E9A00F97F76 /* SXN Maker */ = {
			isa = PBXNativeTarget;
			buildConfigurationList = 32ADE73916103E9A00F97F76 /* Build configuration list for PBXNativeTarget "SXN Maker" */;
			buildPhases = (
				BD3ABEFA6B9DC1AACE6DBD55 /* Check Pods Manifest.lock */,
				32ADE71116103E9A00F97F76 /* Sources */,
				32ADE71216103E9A00F97F76 /* Frameworks */,
				32ADE71316103E9A00F97F76 /* Resources */,
				8D27F51FE1AF1887A0A219AB /* Copy Pods Resources */,
			);
			buildRules = (
			);
			dependencies = (
			);
			name = "SXN Maker";
			productName = BezierPathTest1;
			productReference = 32ADE71516103E9A00F97F76 /* SXN Maker.app */;
			productType = "com.apple.product-type.application";
		};
/* End PBXNativeTarget section */

/* Begin PBXProject section */
		32ADE70C16103E9A00F97F76 /* Project object */ = {
			isa = PBXProject;
			attributes = {
				LastUpgradeCheck = 0510;
				ORGANIZATIONNAME = "Cameron Ehrlich";
				TargetAttributes = {
					32ADE71416103E9A00F97F76 = {
						DevelopmentTeam = 56XM2VF9KK;
					};
				};
			};
			buildConfigurationList = 32ADE70F16103E9A00F97F76 /* Build configuration list for PBXProject "SXN Maker" */;
			compatibilityVersion = "Xcode 3.2";
			developmentRegion = English;
			hasScannedForEncodings = 0;
			knownRegions = (
				en,
			);
			mainGroup = 32ADE70A16103E9A00F97F76;
			productRefGroup = 32ADE71616103E9A00F97F76 /* Products */;
			projectDirPath = "";
			projectRoot = "";
			targets = (
				32ADE71416103E9A00F97F76 /* SXN Maker */,
			);
		};
/* End PBXProject section */

/* Begin PBXResourcesBuildPhase section */
		32ADE71316103E9A00F97F76 /* Resources */ = {
			isa = PBXResourcesBuildPhase;
			buildActionMask = 2147483647;
			files = (
				32ADE72416103E9A00F97F76 /* InfoPlist.strings in Resources */,
				32E415401929663E0025568B /* Images.xcassets in Resources */,
				32ADE72C16103E9A00F97F76 /* Default.png in Resources */,
				32ADE72E16103E9A00F97F76 /* Default@2x.png in Resources */,
				32ADE73016103E9A00F97F76 /* Default-568h@2x.png in Resources */,
				32ADE73316103E9A00F97F76 /* MainStoryboard.storyboard in Resources */,
			);
			runOnlyForDeploymentPostprocessing = 0;
		};
/* End PBXResourcesBuildPhase section */

/* Begin PBXShellScriptBuildPhase section */
		8D27F51FE1AF1887A0A219AB /* Copy Pods Resources */ = {
			isa = PBXShellScriptBuildPhase;
			buildActionMask = 2147483647;
			files = (
			);
			inputPaths = (
			);
			name = "Copy Pods Resources";
			outputPaths = (
			);
			runOnlyForDeploymentPostprocessing = 0;
			shellPath = /bin/sh;
			shellScript = "\"${SRCROOT}/Pods/Target Support Files/Pods-SXN Maker/Pods-SXN Maker-resources.sh\"\n";
			showEnvVarsInLog = 0;
		};
		BD3ABEFA6B9DC1AACE6DBD55 /* Check Pods Manifest.lock */ = {
			isa = PBXShellScriptBuildPhase;
			buildActionMask = 2147483647;
			files = (
			);
			inputPaths = (
			);
			name = "Check Pods Manifest.lock";
			outputPaths = (
			);
			runOnlyForDeploymentPostprocessing = 0;
			shellPath = /bin/sh;
			shellScript = "diff \"${PODS_ROOT}/../Podfile.lock\" \"${PODS_ROOT}/Manifest.lock\" > /dev/null\nif [[ $? != 0 ]] ; then\n    cat << EOM\nerror: The sandbox is not in sync with the Podfile.lock. Run 'pod install' or update your CocoaPods installation.\nEOM\n    exit 1\nfi\n";
			showEnvVarsInLog = 0;
		};
/* End PBXShellScriptBuildPhase section */

/* Begin PBXSourcesBuildPhase section */
		32ADE71116103E9A00F97F76 /* Sources */ = {
			isa = PBXSourcesBuildPhase;
			buildActionMask = 2147483647;
			files = (
				32ADE72616103E9A00F97F76 /* main.m in Sources */,
				32ADE72A16103E9A00F97F76 /* AppDelegate.m in Sources */,
				32ADE73616103E9A00F97F76 /* ViewController.m in Sources */,
				329E1D791A689B8200E9AB37 /* BSDrawView.m in Sources */,
			);
			runOnlyForDeploymentPostprocessing = 0;
		};
/* End PBXSourcesBuildPhase section */

/* Begin PBXVariantGroup section */
		32ADE72216103E9A00F97F76 /* InfoPlist.strings */ = {
			isa = PBXVariantGroup;
			children = (
				32ADE72316103E9A00F97F76 /* en */,
			);
			name = InfoPlist.strings;
			sourceTree = "<group>";
		};
		32ADE73116103E9A00F97F76 /* MainStoryboard.storyboard */ = {
			isa = PBXVariantGroup;
			children = (
				32ADE73216103E9A00F97F76 /* en */,
			);
			name = MainStoryboard.storyboard;
			sourceTree = "<group>";
		};
/* End PBXVariantGroup section */

/* Begin XCBuildConfiguration section */
		32ADE73716103E9A00F97F76 /* Debug */ = {
			isa = XCBuildConfiguration;
			buildSettings = {
				ALWAYS_SEARCH_USER_PATHS = NO;
				CLANG_CXX_LANGUAGE_STANDARD = "gnu++0x";
				CLANG_CXX_LIBRARY = "libc++";
				CLANG_ENABLE_OBJC_ARC = YES;
				CLANG_WARN_EMPTY_BODY = YES;
				CLANG_WARN_OBJC_MISSING_PROPERTY_SYNTHESIS = NO;
				CLANG_WARN__DUPLICATE_METHOD_MATCH = YES;
				CODE_SIGN_IDENTITY = "iPhone Developer: Cameron Ehrlich (GY359RZK8N)";
				"CODE_SIGN_IDENTITY[sdk=iphoneos*]" = "iPhone Developer: Cameron Ehrlich (GY359RZK8N)";
				COPY_PHASE_STRIP = NO;
				GCC_C_LANGUAGE_STANDARD = gnu99;
				GCC_DYNAMIC_NO_PIC = NO;
				GCC_OPTIMIZATION_LEVEL = 0;
				GCC_PREPROCESSOR_DEFINITIONS = (
					"DEBUG=1",
					"$(inherited)",
				);
				GCC_SYMBOLS_PRIVATE_EXTERN = NO;
				GCC_WARN_ABOUT_RETURN_TYPE = YES;
				GCC_WARN_UNINITIALIZED_AUTOS = YES;
				GCC_WARN_UNUSED_VARIABLE = YES;
				IPHONEOS_DEPLOYMENT_TARGET = 7.0;
				ONLY_ACTIVE_ARCH = YES;
				PRODUCT_NAME = "SXN Maker";
				PROVISIONING_PROFILE = "9DC16373-2A1E-4F3F-B0E1-A82843E5E86F";
				SDKROOT = iphoneos;
				TARGETED_DEVICE_FAMILY = 2;
			};
			name = Debug;
		};
		32ADE73816103E9A00F97F76 /* Release */ = {
			isa = XCBuildConfiguration;
			buildSettings = {
				ALWAYS_SEARCH_USER_PATHS = NO;
				CLANG_CXX_LANGUAGE_STANDARD = "gnu++0x";
				CLANG_CXX_LIBRARY = "libc++";
				CLANG_ENABLE_OBJC_ARC = YES;
				CLANG_WARN_EMPTY_BODY = YES;
				CLANG_WARN_OBJC_MISSING_PROPERTY_SYNTHESIS = NO;
				CLANG_WARN__DUPLICATE_METHOD_MATCH = YES;
				CODE_SIGN_IDENTITY = "iPhone Developer: Cameron Ehrlich (GY359RZK8N)";
				"CODE_SIGN_IDENTITY[sdk=iphoneos*]" = "iPhone Developer: Cameron Ehrlich (GY359RZK8N)";
				COPY_PHASE_STRIP = YES;
				GCC_C_LANGUAGE_STANDARD = gnu99;
				GCC_WARN_ABOUT_RETURN_TYPE = YES;
				GCC_WARN_UNINITIALIZED_AUTOS = YES;
				GCC_WARN_UNUSED_VARIABLE = YES;
				IPHONEOS_DEPLOYMENT_TARGET = 7.0;
				OTHER_CFLAGS = "-DNS_BLOCK_ASSERTIONS=1";
				PRODUCT_NAME = "SXN Maker";
				PROVISIONING_PROFILE = "9DC16373-2A1E-4F3F-B0E1-A82843E5E86F";
				SDKROOT = iphoneos;
				TARGETED_DEVICE_FAMILY = 2;
				VALIDATE_PRODUCT = YES;
			};
			name = Release;
		};
		32ADE73A16103E9A00F97F76 /* Debug */ = {
			isa = XCBuildConfiguration;
			baseConfigurationReference = 146AB03B522A5F2814DEC989 /* Pods-SXN Maker.debug.xcconfig */;
			buildSettings = {
				ASSETCATALOG_COMPILER_APPICON_NAME = AppIcon;
				ASSETCATALOG_COMPILER_LAUNCHIMAGE_NAME = LaunchImage;
				CODE_SIGN_IDENTITY = "iPhone Developer";
				"CODE_SIGN_IDENTITY[sdk=iphoneos*]" = "iPhone Developer";
				GCC_PRECOMPILE_PREFIX_HEADER = YES;
				GCC_PREFIX_HEADER = "BezierPathTest1/SXN Maker-Prefix.pch";
				INFOPLIST_FILE = "BezierPathTest1/SXN Maker-Info.plist";
				IPHONEOS_DEPLOYMENT_TARGET = 7.0;
				PRODUCT_NAME = "SXN Maker";
				PROVISIONING_PROFILE = "";
				WRAPPER_EXTENSION = app;
			};
			name = Debug;
		};
		32ADE73B16103E9A00F97F76 /* Release */ = {
			isa = XCBuildConfiguration;
			baseConfigurationReference = 1AABFAA8AC83C6F9712A53FC /* Pods-SXN Maker.release.xcconfig */;
			buildSettings = {
				ASSETCATALOG_COMPILER_APPICON_NAME = AppIcon;
				ASSETCATALOG_COMPILER_LAUNCHIMAGE_NAME = LaunchImage;
				CODE_SIGN_IDENTITY = "iPhone Developer";
				"CODE_SIGN_IDENTITY[sdk=iphoneos*]" = "iPhone Developer";
				GCC_PRECOMPILE_PREFIX_HEADER = YES;
				GCC_PREFIX_HEADER = "BezierPathTest1/SXN Maker-Prefix.pch";
				INFOPLIST_FILE = "BezierPathTest1/SXN Maker-Info.plist";
				IPHONEOS_DEPLOYMENT_TARGET = 7.0;
				PRODUCT_NAME = "SXN Maker";
				PROVISIONING_PROFILE = "";
				WRAPPER_EXTENSION = app;
			};
			name = Release;
		};
/* End XCBuildConfiguration section */

/* Begin XCConfigurationList section */
		32ADE70F16103E9A00F97F76 /* Build configuration list for PBXProject "SXN Maker" */ = {
			isa = XCConfigurationList;
			buildConfigurations = (
				32ADE73716103E9A00F97F76 /* Debug */,
				32ADE73816103E9A00F97F76 /* Release */,
			);
			defaultConfigurationIsVisible = 0;
			defaultConfigurationName = Debug;
		};
		32ADE73916103E9A00F97F76 /* Build configuration list for PBXNativeTarget "SXN Maker" */ = {
			isa = XCConfigurationList;
			buildConfigurations = (
				32ADE73A16103E9A00F97F76 /* Debug */,
				32ADE73B16103E9A00F97F76 /* Release */,
			);
			defaultConfigurationIsVisible = 0;
			defaultConfigurationName = Debug;
		};
/* End XCConfigurationList section */
	};
	rootObject = 32ADE70C16103E9A00F97F76 /* Project object */;
}
